{
  "name": "vcard-personal-portfolio-master",
  "lockfileVersion": 3,
  "requires": true,
  "packages": {
    "": {
      "dependencies": {
        "ionicons": "^7.3.0"
      }
    },
    "node_modules/@stencil/core": {
      "version": "4.13.0",
      "resolved": "https://registry.npmjs.org/@stencil/core/-/core-4.13.0.tgz",
      "integrity": "sha512-gg+gtBWekQ08mDja8GVAUHNu+rrFhQaKZDvfhnS3l/5JbYiJddTimuDPPhuc0sR0JZL1iRdJTJSa+JbvmnQ1cQ==",
      "bin": {
        "stencil": "bin/stencil"
      },
      "engines": {
        "node": ">=16.0.0",
        "npm": ">=7.10.0"
      }
    },
    "node_modules/ionicons": {
      "version": "7.3.0",
      "resolved": "https://registry.npmjs.org/ionicons/-/ionicons-7.3.0.tgz",
      "integrity": "sha512-l9quySYi+o4T6mFzhKRyU/1nKc2Zs0zxs7jWcq9iVRhRPQondV11jYqLTed0lVVXHfGrBCfnedKl9D6BCnA1UQ==",
      "dependencies": {
        "@stencil/core": "^4.0.3"
      }
    }
  }
}
